// !$*UTF8*$!
{
	archiveVersion = 1;
	classes = {
	};
	objectVersion = 46;
	objects = {

/* Begin PBXBuildFile section */
		52890AB31B0125D3002DA075 /* AppDelegate.swift in Sources */ = {isa = PBXBuildFile; fileRef = 52890AB21B0125D3002DA075 /* AppDelegate.swift */; };
		52890ABA1B0125D3002DA075 /* Main.storyboard in Resources */ = {isa = PBXBuildFile; fileRef = 52890AB81B0125D3002DA075 /* Main.storyboard */; };
		52890ABC1B0125D3002DA075 /* Images.xcassets in Resources */ = {isa = PBXBuildFile; fileRef = 52890ABB1B0125D3002DA075 /* Images.xcassets */; };
		52890ABF1B0125D3002DA075 /* LaunchScreen.xib in Resources */ = {isa = PBXBuildFile; fileRef = 52890ABD1B0125D3002DA075 /* LaunchScreen.xib */; };
		52890ACB1B0125D3002DA075 /* ProyectoTenekTests.swift in Sources */ = {isa = PBXBuildFile; fileRef = 52890ACA1B0125D3002DA075 /* ProyectoTenekTests.swift */; };
		52890AD51B01B252002DA075 /* LoginViewController.swift in Sources */ = {isa = PBXBuildFile; fileRef = 52890AD41B01B252002DA075 /* LoginViewController.swift */; };
		52890AD71B01B26B002DA075 /* NominaViewController.swift in Sources */ = {isa = PBXBuildFile; fileRef = 52890AD61B01B26B002DA075 /* NominaViewController.swift */; };
		52890AD91B01B288002DA075 /* VacacionesViewController.swift in Sources */ = {isa = PBXBuildFile; fileRef = 52890AD81B01B288002DA075 /* VacacionesViewController.swift */; };
		52890ADB1B01B29A002DA075 /* InfoViewController.swift in Sources */ = {isa = PBXBuildFile; fileRef = 52890ADA1B01B29A002DA075 /* InfoViewController.swift */; };
		52890ADD1B01B2A9002DA075 /* CalendarioViewController.swift in Sources */ = {isa = PBXBuildFile; fileRef = 52890ADC1B01B2A9002DA075 /* CalendarioViewController.swift */; };
		52890ADF1B01B310002DA075 /* DirectorioTableViewController.swift in Sources */ = {isa = PBXBuildFile; fileRef = 52890ADE1B01B310002DA075 /* DirectorioTableViewController.swift */; };
		52890AE11B01B32A002DA075 /* Directorio_DetalleViewController.swift in Sources */ = {isa = PBXBuildFile; fileRef = 52890AE01B01B32A002DA075 /* Directorio_DetalleViewController.swift */; };
/* End PBXBuildFile section */

/* Begin PBXContainerItemProxy section */
		52890AC51B0125D3002DA075 /* PBXContainerItemProxy */ = {
			isa = PBXContainerItemProxy;
			containerPortal = 52890AA51B0125D3002DA075 /* Project object */;
			proxyType = 1;
			remoteGlobalIDString = 52890AAC1B0125D3002DA075;
			remoteInfo = ProyectoTenek;
		};
/* End PBXContainerItemProxy section */

/* Begin PBXFileReference section */
		52890AAD1B0125D3002DA075 /* ProyectoTenek.app */ = {isa = PBXFileReference; explicitFileType = wrapper.application; includeInIndex = 0; path = ProyectoTenek.app; sourceTree = BUILT_PRODUCTS_DIR; };
		52890AB11B0125D3002DA075 /* Info.plist */ = {isa = PBXFileReference; lastKnownFileType = text.plist.xml; path = Info.plist; sourceTree = "<group>"; };
		52890AB21B0125D3002DA075 /* AppDelegate.swift */ = {isa = PBXFileReference; lastKnownFileType = sourcecode.swift; path = AppDelegate.swift; sourceTree = "<group>"; };
		52890AB91B0125D3002DA075 /* Base */ = {isa = PBXFileReference; lastKnownFileType = file.storyboard; name = Base; path = Base.lproj/Main.storyboard; sourceTree = "<group>"; };
		52890ABB1B0125D3002DA075 /* Images.xcassets */ = {isa = PBXFileReference; lastKnownFileType = folder.assetcatalog; path = Images.xcassets; sourceTree = "<group>"; };
		52890ABE1B0125D3002DA075 /* Base */ = {isa = PBXFileReference; lastKnownFileType = file.xib; name = Base; path = Base.lproj/LaunchScreen.xib; sourceTree = "<group>"; };
		52890AC41B0125D3002DA075 /* ProyectoTenekTests.xctest */ = {isa = PBXFileReference; explicitFileType = wrapper.cfbundle; includeInIndex = 0; path = ProyectoTenekTests.xctest; sourceTree = BUILT_PRODUCTS_DIR; };
		52890AC91B0125D3002DA075 /* Info.plist */ = {isa = PBXFileReference; lastKnownFileType = text.plist.xml; path = Info.plist; sourceTree = "<group>"; };
		52890ACA1B0125D3002DA075 /* ProyectoTenekTests.swift */ = {isa = PBXFileReference; lastKnownFileType = sourcecode.swift; path = ProyectoTenekTests.swift; sourceTree = "<group>"; };
		52890AD41B01B252002DA075 /* LoginViewController.swift */ = {isa = PBXFileReference; fileEncoding = 4; lastKnownFileType = sourcecode.swift; path = LoginViewController.swift; sourceTree = "<group>"; };
		52890AD61B01B26B002DA075 /* NominaViewController.swift */ = {isa = PBXFileReference; fileEncoding = 4; lastKnownFileType = sourcecode.swift; path = NominaViewController.swift; sourceTree = "<group>"; };
		52890AD81B01B288002DA075 /* VacacionesViewController.swift */ = {isa = PBXFileReference; fileEncoding = 4; lastKnownFileType = sourcecode.swift; path = VacacionesViewController.swift; sourceTree = "<group>"; };
		52890ADA1B01B29A002DA075 /* InfoViewController.swift */ = {isa = PBXFileReference; fileEncoding = 4; lastKnownFileType = sourcecode.swift; path = InfoViewController.swift; sourceTree = "<group>"; };
		52890ADC1B01B2A9002DA075 /* CalendarioViewController.swift */ = {isa = PBXFileReference; fileEncoding = 4; lastKnownFileType = sourcecode.swift; path = CalendarioViewController.swift; sourceTree = "<group>"; };
		52890ADE1B01B310002DA075 /* DirectorioTableViewController.swift */ = {isa = PBXFileReference; fileEncoding = 4; lastKnownFileType = sourcecode.swift; path = DirectorioTableViewController.swift; sourceTree = "<group>"; };
		52890AE01B01B32A002DA075 /* Directorio_DetalleViewController.swift */ = {isa = PBXFileReference; fileEncoding = 4; lastKnownFileType = sourcecode.swift; path = Directorio_DetalleViewController.swift; sourceTree = "<group>"; };
/* End PBXFileReference section */

/* Begin PBXFrameworksBuildPhase section */
		52890AAA1B0125D3002DA075 /* Frameworks */ = {
			isa = PBXFrameworksBuildPhase;
			buildActionMask = 2147483647;
			files = (
			);
			runOnlyForDeploymentPostprocessing = 0;
		};
		52890AC11B0125D3002DA075 /* Frameworks */ = {
			isa = PBXFrameworksBuildPhase;
			buildActionMask = 2147483647;
			files = (
			);
			runOnlyForDeploymentPostprocessing = 0;
		};
/* End PBXFrameworksBuildPhase section */

/* Begin PBXGroup section */
		52890AA41B0125D3002DA075 = {
			isa = PBXGroup;
			children = (
				52890AAF1B0125D3002DA075 /* ProyectoTenek */,
				52890AC71B0125D3002DA075 /* ProyectoTenekTests */,
				52890AAE1B0125D3002DA075 /* Products */,
			);
			sourceTree = "<group>";
		};
		52890AAE1B0125D3002DA075 /* Products */ = {
			isa = PBXGroup;
			children = (
				52890AAD1B0125D3002DA075 /* ProyectoTenek.app */,
				52890AC41B0125D3002DA075 /* ProyectoTenekTests.xctest */,
			);
			name = Products;
			sourceTree = "<group>";
		};
		52890AAF1B0125D3002DA075 /* ProyectoTenek */ = {
			isa = PBXGroup;
			children = (
				52890AB21B0125D3002DA075 /* AppDelegate.swift */,
				52890AD41B01B252002DA075 /* LoginViewController.swift */,
				52890AB81B0125D3002DA075 /* Main.storyboard */,
				52890AE01B01B32A002DA075 /* Directorio_DetalleViewController.swift */,
				52890ADE1B01B310002DA075 /* DirectorioTableViewController.swift */,
				52890ADC1B01B2A9002DA075 /* CalendarioViewController.swift */,
				52890ADA1B01B29A002DA075 /* InfoViewController.swift */,
				52890AD81B01B288002DA075 /* VacacionesViewController.swift */,
				52890AD61B01B26B002DA075 /* NominaViewController.swift */,
				52890ABB1B0125D3002DA075 /* Images.xcassets */,
				52890ABD1B0125D3002DA075 /* LaunchScreen.xib */,
				52890AB01B0125D3002DA075 /* Supporting Files */,
			);
			path = ProyectoTenek;
			sourceTree = "<group>";
		};
		52890AB01B0125D3002DA075 /* Supporting Files */ = {
			isa = PBXGroup;
			children = (
				52890AB11B0125D3002DA075 /* Info.plist */,
			);
			name = "Supporting Files";
			sourceTree = "<group>";
		};
		52890AC71B0125D3002DA075 /* ProyectoTenekTests */ = {
			isa = PBXGroup;
			children = (
				52890ACA1B0125D3002DA075 /* ProyectoTenekTests.swift */,
				52890AC81B0125D3002DA075 /* Supporting Files */,
			);
			path = ProyectoTenekTests;
			sourceTree = "<group>";
		};
		52890AC81B0125D3002DA075 /* Supporting Files */ = {
			isa = PBXGroup;
			children = (
				52890AC91B0125D3002DA075 /* Info.plist */,
			);
			name = "Supporting Files";
			sourceTree = "<group>";
		};
/* End PBXGroup section */

/* Begin PBXNativeTarget section */
		52890AAC1B0125D3002DA075 /* ProyectoTenek */ = {
			isa = PBXNativeTarget;
			buildConfigurationList = 52890ACE1B0125D3002DA075 /* Build configuration list for PBXNativeTarget "ProyectoTenek" */;
			buildPhases = (
				52890AA91B0125D3002DA075 /* Sources */,
				52890AAA1B0125D3002DA075 /* Frameworks */,
				52890AAB1B0125D3002DA075 /* Resources */,
			);
			buildRules = (
			);
			dependencies = (
			);
			name = ProyectoTenek;
			productName = ProyectoTenek;
			productReference = 52890AAD1B0125D3002DA075 /* ProyectoTenek.app */;
			productType = "com.apple.product-type.application";
		};
		52890AC31B0125D3002DA075 /* ProyectoTenekTests */ = {
			isa = PBXNativeTarget;
			buildConfigurationList = 52890AD11B0125D3002DA075 /* Build configuration list for PBXNativeTarget "ProyectoTenekTests" */;
			buildPhases = (
				52890AC01B0125D3002DA075 /* Sources */,
				52890AC11B0125D3002DA075 /* Frameworks */,
				52890AC21B0125D3002DA075 /* Resources */,
			);
			buildRules = (
			);
			dependencies = (
				52890AC61B0125D3002DA075 /* PBXTargetDependency */,
			);
			name = ProyectoTenekTests;
			productName = ProyectoTenekTests;
			productReference = 52890AC41B0125D3002DA075 /* ProyectoTenekTests.xctest */;
			productType = "com.apple.product-type.bundle.unit-test";
		};
/* End PBXNativeTarget section */

/* Begin PBXProject section */
		52890AA51B0125D3002DA075 /* Project object */ = {
			isa = PBXProject;
			attributes = {
				LastUpgradeCheck = 0630;
				ORGANIZATIONNAME = "Martha Garcia Contreras";
				TargetAttributes = {
					52890AAC1B0125D3002DA075 = {
						CreatedOnToolsVersion = 6.3;
					};
					52890AC31B0125D3002DA075 = {
						CreatedOnToolsVersion = 6.3;
						TestTargetID = 52890AAC1B0125D3002DA075;
					};
				};
			};
			buildConfigurationList = 52890AA81B0125D3002DA075 /* Build configuration list for PBXProject "ProyectoTenek" */;
			compatibilityVersion = "Xcode 3.2";
			developmentRegion = English;
			hasScannedForEncodings = 0;
			knownRegions = (
				en,
				Base,
			);
			mainGroup = 52890AA41B0125D3002DA075;
			productRefGroup = 52890AAE1B0125D3002DA075 /* Products */;
			projectDirPath = "";
			projectRoot = "";
			targets = (
				52890AAC1B0125D3002DA075 /* ProyectoTenek */,
				52890AC31B0125D3002DA075 /* ProyectoTenekTests */,
			);
		};
/* End PBXProject section */

/* Begin PBXResourcesBuildPhase section */
		52890AAB1B0125D3002DA075 /* Resources */ = {
			isa = PBXResourcesBuildPhase;
			buildActionMask = 2147483647;
			files = (
				52890ABA1B0125D3002DA075 /* Main.storyboard in Resources */,
				52890ABF1B0125D3002DA075 /* LaunchScreen.xib in Resources */,
				52890ABC1B0125D3002DA075 /* Images.xcassets in Resources */,
			);
			runOnlyForDeploymentPostprocessing = 0;
		};
		52890AC21B0125D3002DA075 /* Resources */ = {
			isa = PBXResourcesBuildPhase;
			buildActionMask = 2147483647;
			files = (
			);
			runOnlyForDeploymentPostprocessing = 0;
		};
/* End PBXResourcesBuildPhase section */

/* Begin PBXSourcesBuildPhase section */
		52890AA91B0125D3002DA075 /* Sources */ = {
			isa = PBXSourcesBuildPhase;
			buildActionMask = 2147483647;
			files = (
				52890AD91B01B288002DA075 /* VacacionesViewController.swift in Sources */,
				52890AD51B01B252002DA075 /* LoginViewController.swift in Sources */,
				52890AD71B01B26B002DA075 /* NominaViewController.swift in Sources */,
				52890ADF1B01B310002DA075 /* DirectorioTableViewController.swift in Sources */,
				52890AB31B0125D3002DA075 /* AppDelegate.swift in Sources */,
				52890ADD1B01B2A9002DA075 /* CalendarioViewController.swift in Sources */,
				52890AE11B01B32A002DA075 /* Directorio_DetalleViewController.swift in Sources */,
				52890ADB1B01B29A002DA075 /* InfoViewController.swift in Sources */,
			);
			runOnlyForDeploymentPostprocessing = 0;
		};
		52890AC01B0125D3002DA075 /* Sources */ = {
			isa = PBXSourcesBuildPhase;
			buildActionMask = 2147483647;
			files = (
				52890ACB1B0125D3002DA075 /* ProyectoTenekTests.swift in Sources */,
			);
			runOnlyForDeploymentPostprocessing = 0;
		};
/* End PBXSourcesBuildPhase section */

/* Begin PBXTargetDependency section */
		52890AC61B0125D3002DA075 /* PBXTargetDependency */ = {
			isa = PBXTargetDependency;
			target = 52890AAC1B0125D3002DA075 /* ProyectoTenek */;
			targetProxy = 52890AC51B0125D3002DA075 /* PBXContainerItemProxy */;
		};
/* End PBXTargetDependency section */

/* Begin PBXVariantGroup section */
		52890AB81B0125D3002DA075 /* Main.storyboard */ = {
			isa = PBXVariantGroup;
			children = (
				52890AB91B0125D3002DA075 /* Base */,
			);
			name = Main.storyboard;
			sourceTree = "<group>";
		};
		52890ABD1B0125D3002DA075 /* LaunchScreen.xib */ = {
			isa = PBXVariantGroup;
			children = (
				52890ABE1B0125D3002DA075 /* Base */,
			);
			name = LaunchScreen.xib;
			sourceTree = "<group>";
		};
/* End PBXVariantGroup section */

/* Begin XCBuildConfiguration section */
		52890ACC1B0125D3002DA075 /* Debug */ = {
			isa = XCBuildConfiguration;
			buildSettings = {
				ALWAYS_SEARCH_USER_PATHS = NO;
				CLANG_CXX_LANGUAGE_STANDARD = "gnu++0x";
				CLANG_CXX_LIBRARY = "libc++";
				CLANG_ENABLE_MODULES = YES;
				CLANG_ENABLE_OBJC_ARC = YES;
				CLANG_WARN_BOOL_CONVERSION = YES;
				CLANG_WARN_CONSTANT_CONVERSION = YES;
				CLANG_WARN_DIRECT_OBJC_ISA_USAGE = YES_ERROR;
				CLANG_WARN_EMPTY_BODY = YES;
				CLANG_WARN_ENUM_CONVERSION = YES;
				CLANG_WARN_INT_CONVERSION = YES;
				CLANG_WARN_OBJC_ROOT_CLASS = YES_ERROR;
				CLANG_WARN_UNREACHABLE_CODE = YES;
				CLANG_WARN__DUPLICATE_METHOD_MATCH = YES;
				"CODE_SIGN_IDENTITY[sdk=iphoneos*]" = "iPhone Developer";
				COPY_PHASE_STRIP = NO;
				DEBUG_INFORMATION_FORMAT = "dwarf-with-dsym";
				ENABLE_STRICT_OBJC_MSGSEND = YES;
				GCC_C_LANGUAGE_STANDARD = gnu99;
				GCC_DYNAMIC_NO_PIC = NO;
				GCC_NO_COMMON_BLOCKS = YES;
				GCC_OPTIMIZATION_LEVEL = 0;
				GCC_PREPROCESSOR_DEFINITIONS = (
					"DEBUG=1",
					"$(inherited)",
				);
				GCC_SYMBOLS_PRIVATE_EXTERN = NO;
				GCC_WARN_64_TO_32_BIT_CONVERSION = YES;
				GCC_WARN_ABOUT_RETURN_TYPE = YES_ERROR;
				GCC_WARN_UNDECLARED_SELECTOR = YES;
				GCC_WARN_UNINITIALIZED_AUTOS = YES_AGGRESSIVE;
				GCC_WARN_UNUSED_FUNCTION = YES;
				GCC_WARN_UNUSED_VARIABLE = YES;
				IPHONEOS_DEPLOYMENT_TARGET = 8.3;
				MTL_ENABLE_DEBUG_INFO = YES;
				ONLY_ACTIVE_ARCH = YES;
				SDKROOT = iphoneos;
				SWIFT_OPTIMIZATION_LEVEL = "-Onone";
			};
			name = Debug;
		};
		52890ACD1B0125D3002DA075 /* Release */ = {
			isa = XCBuildConfiguration;
			buildSettings = {
				ALWAYS_SEARCH_USER_PATHS = NO;
				CLANG_CXX_LANGUAGE_STANDARD = "gnu++0x";
				CLANG_CXX_LIBRARY = "libc++";
				CLANG_ENABLE_MODULES = YES;
				CLANG_ENABLE_OBJC_ARC = YES;
				CLANG_WARN_BOOL_CONVERSION = YES;
				CLANG_WARN_CONSTANT_CONVERSION = YES;
				CLANG_WARN_DIRECT_OBJC_ISA_USAGE = YES_ERROR;
				CLANG_WARN_EMPTY_BODY = YES;
				CLANG_WARN_ENUM_CONVERSION = YES;
				CLANG_WARN_INT_CONVERSION = YES;
				CLANG_WARN_OBJC_ROOT_CLASS = YES_ERROR;
				CLANG_WARN_UNREACHABLE_CODE = YES;
				CLANG_WARN__DUPLICATE_METHOD_MATCH = YES;
				"CODE_SIGN_IDENTITY[sdk=iphoneos*]" = "iPhone Developer";
				COPY_PHASE_STRIP = NO;
				DEBUG_INFORMATION_FORMAT = "dwarf-with-dsym";
				ENABLE_NS_ASSERTIONS = NO;
				ENABLE_STRICT_OBJC_MSGSEND = YES;
				GCC_C_LANGUAGE_STANDARD = gnu99;
				GCC_NO_COMMON_BLOCKS = YES;
				GCC_WARN_64_TO_32_BIT_CONVERSION = YES;
				GCC_WARN_ABOUT_RETURN_TYPE = YES_ERROR;
				GCC_WARN_UNDECLARED_SELECTOR = YES;
				GCC_WARN_UNINITIALIZED_AUTOS = YES_AGGRESSIVE;
				GCC_WARN_UNUSED_FUNCTION = YES;
				GCC_WARN_UNUSED_VARIABLE = YES;
				IPHONEOS_DEPLOYMENT_TARGET = 8.3;
				MTL_ENABLE_DEBUG_INFO = NO;
				SDKROOT = iphoneos;
				VALIDATE_PRODUCT = YES;
			};
			name = Release;
		};
		52890ACF1B0125D3002DA075 /* Debug */ = {
			isa = XCBuildConfiguration;
			buildSettings = {
				ASSETCATALOG_COMPILER_APPICON_NAME = AppIcon;
				INFOPLIST_FILE = ProyectoTenek/Info.plist;
				LD_RUNPATH_SEARCH_PATHS = "$(inherited) @executable_path/Frameworks";
				PRODUCT_NAME = "$(TARGET_NAME)";
			};
			name = Debug;
		};
		52890AD01B0125D3002DA075 /* Release */ = {
			isa = XCBuildConfiguration;
			buildSettings = {
				ASSETCATALOG_COMPILER_APPICON_NAME = AppIcon;
				INFOPLIST_FILE = ProyectoTenek/Info.plist;
				LD_RUNPATH_SEARCH_PATHS = "$(inherited) @executable_path/Frameworks";
				PRODUCT_NAME = "$(TARGET_NAME)";
			};
			name = Release;
		};
		52890AD21B0125D3002DA075 /* Debug */ = {
			isa = XCBuildConfiguration;
			buildSettings = {
				BUNDLE_LOADER = "$(TEST_HOST)";
				FRAMEWORK_SEARCH_PATHS = (
					"$(SDKROOT)/Developer/Library/Frameworks",
					"$(inherited)",
				);
				GCC_PREPROCESSOR_DEFINITIONS = (
					"DEBUG=1",
					"$(inherited)",
				);
				INFOPLIST_FILE = ProyectoTenekTests/Info.plist;
				LD_RUNPATH_SEARCH_PATHS = "$(inherited) @executable_path/Frameworks @loader_path/Frameworks";
				PRODUCT_NAME = "$(TARGET_NAME)";
				TEST_HOST = "$(BUILT_PRODUCTS_DIR)/ProyectoTenek.app/ProyectoTenek";
			};
			name = Debug;
		};
		52890AD31B0125D3002DA075 /* Release */ = {
			isa = XCBuildConfiguration;
			buildSettings = {
				BUNDLE_LOADER = "$(TEST_HOST)";
				FRAMEWORK_SEARCH_PATHS = (
					"$(SDKROOT)/Developer/Library/Frameworks",
					"$(inherited)",
				);
				INFOPLIST_FILE = ProyectoTenekTests/Info.plist;
				LD_RUNPATH_SEARCH_PATHS = "$(inherited) @executable_path/Frameworks @loader_path/Frameworks";
				PRODUCT_NAME = "$(TARGET_NAME)";
				TEST_HOST = "$(BUILT_PRODUCTS_DIR)/ProyectoTenek.app/ProyectoTenek";
			};
			name = Release;
		};
/* End XCBuildConfiguration section */

/* Begin XCConfigurationList section */
		52890AA81B0125D3002DA075 /* Build configuration list for PBXProject "ProyectoTenek" */ = {
			isa = XCConfigurationList;
			buildConfigurations = (
				52890ACC1B0125D3002DA075 /* Debug */,
				52890ACD1B0125D3002DA075 /* Release */,
			);
			defaultConfigurationIsVisible = 0;
			defaultConfigurationName = Release;
		};
		52890ACE1B0125D3002DA075 /* Build configuration list for PBXNativeTarget "ProyectoTenek" */ = {
			isa = XCConfigurationList;
			buildConfigurations = (
				52890ACF1B0125D3002DA075 /* Debug */,
				52890AD01B0125D3002DA075 /* Release */,
			);
			defaultConfigurationIsVisible = 0;
		};
		52890AD11B0125D3002DA075 /* Build configuration list for PBXNativeTarget "ProyectoTenekTests" */ = {
			isa = XCConfigurationList;
			buildConfigurations = (
				52890AD21B0125D3002DA075 /* Debug */,
				52890AD31B0125D3002DA075 /* Release */,
			);
			defaultConfigurationIsVisible = 0;
		};
/* End XCConfigurationList section */
	};
	rootObject = 52890AA51B0125D3002DA075 /* Project object */;
}
